
Microsoft Visual Studio Solution File, Format Version 12.00
# Visual Studio 15
VisualStudioVersion = 15.0.28307.1231
MinimumVisualStudioVersion = 10.0.40219.1
Project("{FAE04EC0-301F-11D3-BF4B-00C04F79EFBC}") = "DemoMasterDetailsApp", "DemoMasterDetailsApp\DemoMasterDetailsApp.csproj", "{0E84C5EF-4E2E-4E72-8E56-E7644FC86ECC}"
EndProject
Global
	GlobalSection(SolutionConfigurationPlatforms) = preSolution
		Debug|Any CPU = Debug|Any CPU
		Release|Any CPU = Release|Any CPU
	EndGlobalSection
	GlobalSection(ProjectConfigurationPlatforms) = postSolution
		{0E84C5EF-4E2E-4E72-8E56-E7644FC86ECC}.Debug|Any CPU.ActiveCfg = Debug|Any CPU
		{0E84C5EF-4E2E-4E72-8E56-E7644FC86ECC}.Debug|Any CPU.Build.0 = Debug|Any CPU
		{0E84C5EF-4E2E-4E72-8E56-E7644FC86ECC}.Release|Any CPU.ActiveCfg = Release|Any CPU
		{0E84C5EF-4E2E-4E72-8E56-E7644FC86ECC}.Release|Any CPU.Build.0 = Release|Any CPU
	EndGlobalSection
	GlobalSection(SolutionProperties) = preSolution
		HideSolutionNode = FALSE
	EndGlobalSection
	GlobalSection(ExtensibilityGlobals) = postSolution
		SolutionGuid = {46C7F5CB-1969-4AEF-A108-EAFF1EAE746B}
	EndGlobalSection
EndGlobal
